
Microsoft Visual Studio Solution File, Format Version 12.00
# Visual Studio Version 17
VisualStudioVersion = 17.0.32126.317
MinimumVisualStudioVersion = 15.0.26124.0
Project("{9A19103F-16F7-4668-BE54-9A1E7A4F7556}") = "LSports.Extensions.Kafka.Curator", "Logic\LSports.Extensions.Kafka.Curator\LSports.Extensions.Kafka.Curator.csproj", "{B904F0C2-861C-4718-8373-2B0ACAB1C452}"
EndProject
Project("{FAE04EC0-301F-11D3-BF4B-00C04F79EFBC}") = "LSports.Kafka.Curator", "Logic\LSports.Kafka.Curator\LSports.Kafka.Curator.csproj", "{890C1A76-2DC5-4748-9971-7A7DE4B33C82}"
EndProject
Global
	GlobalSection(SolutionConfigurationPlatforms) = preSolution
		Debug|Any CPU = Debug|Any CPU
		Release|Any CPU = Release|Any CPU
	EndGlobalSection
	GlobalSection(ProjectConfigurationPlatforms) = postSolution
		{B904F0C2-861C-4718-8373-2B0ACAB1C452}.Debug|Any CPU.ActiveCfg = Debug|Any CPU
		{B904F0C2-861C-4718-8373-2B0ACAB1C452}.Debug|Any CPU.Build.0 = Debug|Any CPU
		{B904F0C2-861C-4718-8373-2B0ACAB1C452}.Release|Any CPU.ActiveCfg = Release|Any CPU
		{B904F0C2-861C-4718-8373-2B0ACAB1C452}.Release|Any CPU.Build.0 = Release|Any CPU
		{890C1A76-2DC5-4748-9971-7A7DE4B33C82}.Debug|Any CPU.ActiveCfg = Debug|Any CPU
		{890C1A76-2DC5-4748-9971-7A7DE4B33C82}.Debug|Any CPU.Build.0 = Debug|Any CPU
		{890C1A76-2DC5-4748-9971-7A7DE4B33C82}.Release|Any CPU.ActiveCfg = Release|Any CPU
		{890C1A76-2DC5-4748-9971-7A7DE4B33C82}.Release|Any CPU.Build.0 = Release|Any CPU
	EndGlobalSection
	GlobalSection(SolutionProperties) = preSolution
		HideSolutionNode = FALSE
	EndGlobalSection
	GlobalSection(ExtensibilityGlobals) = postSolution
		SolutionGuid = {A88DB9C5-6F55-45D4-B178-35264A262B50}
	EndGlobalSection
EndGlobal
